// !$*UTF8*$!
{
	archiveVersion = 1;
	classes = {
	};
	objectVersion = 48;
	objects = {

/* Begin PBXBuildFile section */
		03F547733988F27D7D55E3B6 /* Pods_Hyper.framework in Frameworks */ = {isa = PBXBuildFile; fileRef = 88E7E6E014D8C7E11D800CC1 /* Pods_Hyper.framework */; };
		842563C420456D3800CE0BF7 /* ItemsDetailsVC.swift in Sources */ = {isa = PBXBuildFile; fileRef = 842563C320456D3800CE0BF7 /* ItemsDetailsVC.swift */; };
		842563C72045700700CE0BF7 /* ReviewCell.swift in Sources */ = {isa = PBXBuildFile; fileRef = 842563C52045700700CE0BF7 /* ReviewCell.swift */; };
		842563C82045700700CE0BF7 /* ReviewCell.xib in Resources */ = {isa = PBXBuildFile; fileRef = 842563C62045700700CE0BF7 /* ReviewCell.xib */; };
		842563CF2045705F00CE0BF7 /* LabelOnlyCell.swift in Sources */ = {isa = PBXBuildFile; fileRef = 842563CD2045705F00CE0BF7 /* LabelOnlyCell.swift */; };
		842563D02045705F00CE0BF7 /* LabelOnlyCell.xib in Resources */ = {isa = PBXBuildFile; fileRef = 842563CE2045705F00CE0BF7 /* LabelOnlyCell.xib */; };
		842563DA20458BBF00CE0BF7 /* Constant.swift in Sources */ = {isa = PBXBuildFile; fileRef = 842563D920458BBF00CE0BF7 /* Constant.swift */; };
		842E08F52043FC590047505B /* AppDelegate.swift in Sources */ = {isa = PBXBuildFile; fileRef = 842E08F42043FC590047505B /* AppDelegate.swift */; };
		842E08F72043FC590047505B /* HomePage.swift in Sources */ = {isa = PBXBuildFile; fileRef = 842E08F62043FC590047505B /* HomePage.swift */; };
		842E08FA2043FC590047505B /* Main.storyboard in Resources */ = {isa = PBXBuildFile; fileRef = 842E08F82043FC590047505B /* Main.storyboard */; };
		842E08FC2043FC590047505B /* Assets.xcassets in Resources */ = {isa = PBXBuildFile; fileRef = 842E08FB2043FC590047505B /* Assets.xcassets */; };
		842E08FF2043FC590047505B /* LaunchScreen.storyboard in Resources */ = {isa = PBXBuildFile; fileRef = 842E08FD2043FC590047505B /* LaunchScreen.storyboard */; };
		842E09082043FD970047505B /* ReloadApp.swift in Sources */ = {isa = PBXBuildFile; fileRef = 842E09072043FD970047505B /* ReloadApp.swift */; };
		842E09152043FE440047505B /* L012Localizer.swift in Sources */ = {isa = PBXBuildFile; fileRef = 842E09112043FE430047505B /* L012Localizer.swift */; };
		842E09162043FE440047505B /* MirroringViewController.swift in Sources */ = {isa = PBXBuildFile; fileRef = 842E09122043FE430047505B /* MirroringViewController.swift */; };
		842E09172043FE440047505B /* MirroringLabel.swift in Sources */ = {isa = PBXBuildFile; fileRef = 842E09132043FE440047505B /* MirroringLabel.swift */; };
		842E09182043FE440047505B /* L102Language.swift in Sources */ = {isa = PBXBuildFile; fileRef = 842E09142043FE440047505B /* L102Language.swift */; };
		842E09252043FF280047505B /* UIViewXRadialGradient.swift in Sources */ = {isa = PBXBuildFile; fileRef = 842E091B2043FF280047505B /* UIViewXRadialGradient.swift */; };
		842E09262043FF280047505B /* UITextFieldX.swift in Sources */ = {isa = PBXBuildFile; fileRef = 842E091C2043FF280047505B /* UITextFieldX.swift */; };
		842E09272043FF280047505B /* UIButtonX.swift in Sources */ = {isa = PBXBuildFile; fileRef = 842E091D2043FF280047505B /* UIButtonX.swift */; };
		842E09282043FF280047505B /* UILabelX.swift in Sources */ = {isa = PBXBuildFile; fileRef = 842E091E2043FF280047505B /* UILabelX.swift */; };
		842E09292043FF280047505B /* UIViewAnchorPoint.swift in Sources */ = {isa = PBXBuildFile; fileRef = 842E091F2043FF280047505B /* UIViewAnchorPoint.swift */; };
		842E092A2043FF280047505B /* UIViewControllerX.swift in Sources */ = {isa = PBXBuildFile; fileRef = 842E09202043FF280047505B /* UIViewControllerX.swift */; };
		842E092B2043FF280047505B /* UIImageViewX.swift in Sources */ = {isa = PBXBuildFile; fileRef = 842E09212043FF280047505B /* UIImageViewX.swift */; };
		842E092C2043FF280047505B /* UIViewX.swift in Sources */ = {isa = PBXBuildFile; fileRef = 842E09222043FF280047505B /* UIViewX.swift */; };
		842E092D2043FF280047505B /* UIVisualEffectViewX.swift in Sources */ = {isa = PBXBuildFile; fileRef = 842E09232043FF280047505B /* UIVisualEffectViewX.swift */; };
		842E092E2043FF280047505B /* UISliderX.swift in Sources */ = {isa = PBXBuildFile; fileRef = 842E09242043FF280047505B /* UISliderX.swift */; };
		842E0931204400170047505B /* ProductCell.swift in Sources */ = {isa = PBXBuildFile; fileRef = 842E092F204400170047505B /* ProductCell.swift */; };
		842E0932204400170047505B /* ProductCell.xib in Resources */ = {isa = PBXBuildFile; fileRef = 842E0930204400170047505B /* ProductCell.xib */; };
		84314749205024F900AE045D /* MyExtensions.swift in Sources */ = {isa = PBXBuildFile; fileRef = 84314748205024F900AE045D /* MyExtensions.swift */; };
		8431474C2050963B00AE045D /* Localization_Alerts.swift in Sources */ = {isa = PBXBuildFile; fileRef = 8431474A2050963B00AE045D /* Localization_Alerts.swift */; };
		8431474D2050963B00AE045D /* LoclizationExConstant.swift in Sources */ = {isa = PBXBuildFile; fileRef = 8431474B2050963B00AE045D /* LoclizationExConstant.swift */; };
		843160D02051480F0067B4E4 /* ProfileVC.swift in Sources */ = {isa = PBXBuildFile; fileRef = 843160CF2051480F0067B4E4 /* ProfileVC.swift */; };
		843160D2205148F80067B4E4 /* FilterCustomeView.swift in Sources */ = {isa = PBXBuildFile; fileRef = 843160D1205148F80067B4E4 /* FilterCustomeView.swift */; };
		843160D4205149150067B4E4 /* FilterCustomeView.xib in Resources */ = {isa = PBXBuildFile; fileRef = 843160D3205149150067B4E4 /* FilterCustomeView.xib */; };
		843160DB20516BDA0067B4E4 /* CategoriesFilterCell.swift in Sources */ = {isa = PBXBuildFile; fileRef = 843160D920516BDA0067B4E4 /* CategoriesFilterCell.swift */; };
		843160DC20516BDA0067B4E4 /* CategoryFilterCell.xib in Resources */ = {isa = PBXBuildFile; fileRef = 843160DA20516BDA0067B4E4 /* CategoryFilterCell.xib */; };
		843160E7205172EF0067B4E4 /* CategoryTableCell.swift in Sources */ = {isa = PBXBuildFile; fileRef = 843160E5205172EF0067B4E4 /* CategoryTableCell.swift */; };
		843160E8205172EF0067B4E4 /* CategoryTableCell.xib in Resources */ = {isa = PBXBuildFile; fileRef = 843160E6205172EF0067B4E4 /* CategoryTableCell.xib */; };
		843160ED205187440067B4E4 /* FilterMainCell.swift in Sources */ = {isa = PBXBuildFile; fileRef = 843160EB205187440067B4E4 /* FilterMainCell.swift */; };
		843160EE205187440067B4E4 /* FilterMainCell.xib in Resources */ = {isa = PBXBuildFile; fileRef = 843160EC205187440067B4E4 /* FilterMainCell.xib */; };
		843160F4205193FD0067B4E4 /* FilterPriceView.swift in Sources */ = {isa = PBXBuildFile; fileRef = 843160F3205193FD0067B4E4 /* FilterPriceView.swift */; };
		843160F6205194140067B4E4 /* FilterPriceView.xib in Resources */ = {isa = PBXBuildFile; fileRef = 843160F5205194140067B4E4 /* FilterPriceView.xib */; };
		843160F8205196820067B4E4 /* FilterTableView.xib in Resources */ = {isa = PBXBuildFile; fileRef = 843160F7205196820067B4E4 /* FilterTableView.xib */; };
		843160FA2051968C0067B4E4 /* FilterTableView.swift in Sources */ = {isa = PBXBuildFile; fileRef = 843160F92051968C0067B4E4 /* FilterTableView.swift */; };
		843160FC2051BA250067B4E4 /* FIlter_Model.swift in Sources */ = {isa = PBXBuildFile; fileRef = 843160FB2051BA250067B4E4 /* FIlter_Model.swift */; };
		8456D0172045BA0200CD8C4E /* SimilarItemsCell.swift in Sources */ = {isa = PBXBuildFile; fileRef = 8456D0152045BA0200CD8C4E /* SimilarItemsCell.swift */; };
		8456D0182045BA0200CD8C4E /* SimilarItemsCell.xib in Resources */ = {isa = PBXBuildFile; fileRef = 8456D0162045BA0200CD8C4E /* SimilarItemsCell.xib */; };
		845A3D1120540C0000C77EF2 /* UIViewControllerExt.swift in Sources */ = {isa = PBXBuildFile; fileRef = 845A3D1020540C0000C77EF2 /* UIViewControllerExt.swift */; };
		845A3D132054224900C77EF2 /* FilterViewController.swift in Sources */ = {isa = PBXBuildFile; fileRef = 845A3D122054224900C77EF2 /* FilterViewController.swift */; };
		84678B4620444EE90051AE03 /* FontExtension.swift in Sources */ = {isa = PBXBuildFile; fileRef = 84678B4420444EE90051AE03 /* FontExtension.swift */; };
		84678B4820444F190051AE03 /* UIView+Extensions.swift in Sources */ = {isa = PBXBuildFile; fileRef = 84678B4720444F190051AE03 /* UIView+Extensions.swift */; };
		84678B5220444F570051AE03 /* GOTHICBI.TTF in Resources */ = {isa = PBXBuildFile; fileRef = 84678B4A20444F570051AE03 /* GOTHICBI.TTF */; };
		84678B5320444F570051AE03 /* GOTHICB.TTF in Resources */ = {isa = PBXBuildFile; fileRef = 84678B4B20444F570051AE03 /* GOTHICB.TTF */; };
		84678B5420444F570051AE03 /* GOTHIC.TTF in Resources */ = {isa = PBXBuildFile; fileRef = 84678B4C20444F570051AE03 /* GOTHIC.TTF */; };
		84678B5520444F570051AE03 /* GOTHICI.TTF in Resources */ = {isa = PBXBuildFile; fileRef = 84678B4D20444F570051AE03 /* GOTHICI.TTF */; };
		84678B5620444F570051AE03 /* GE_SS_Two_Bold.otf in Resources */ = {isa = PBXBuildFile; fileRef = 84678B4F20444F570051AE03 /* GE_SS_Two_Bold.otf */; };
		84678B5720444F570051AE03 /* GE_SS_Two_Light.otf in Resources */ = {isa = PBXBuildFile; fileRef = 84678B5020444F570051AE03 /* GE_SS_Two_Light.otf */; };
		84678B5820444F570051AE03 /* GE_SS_Two_Medium.otf in Resources */ = {isa = PBXBuildFile; fileRef = 84678B5120444F570051AE03 /* GE_SS_Two_Medium.otf */; };
		84678B5D20445C650051AE03 /* ProductsListVC.swift in Sources */ = {isa = PBXBuildFile; fileRef = 84678B5B20445C650051AE03 /* ProductsListVC.swift */; };
		84678B5E20445C650051AE03 /* ProductsListVC.xib in Resources */ = {isa = PBXBuildFile; fileRef = 84678B5C20445C650051AE03 /* ProductsListVC.xib */; };
		846B690420470A250039F037 /* NavigationBarView.xib in Resources */ = {isa = PBXBuildFile; fileRef = 846B690320470A250039F037 /* NavigationBarView.xib */; };
		846B690620470A370039F037 /* NavigationBarView.swift in Sources */ = {isa = PBXBuildFile; fileRef = 846B690520470A370039F037 /* NavigationBarView.swift */; };
		84C2ECBF205447440024CE6F /* 002-new.png in Resources */ = {isa = PBXBuildFile; fileRef = 84C2ECBE205447440024CE6F /* 002-new.png */; };
		84E6D661204EB52600D5AD3B /* ItemDetails_Data.swift in Sources */ = {isa = PBXBuildFile; fileRef = 84E6D660204EB52600D5AD3B /* ItemDetails_Data.swift */; };
		84E6D664204EC65C00D5AD3B /* Get_Requests.swift in Sources */ = {isa = PBXBuildFile; fileRef = 84E6D663204EC65C00D5AD3B /* Get_Requests.swift */; };
		84E6D668204ED2B100D5AD3B /* Connection.swift in Sources */ = {isa = PBXBuildFile; fileRef = 84E6D667204ED2B100D5AD3B /* Connection.swift */; };
		84E6D66A204ED43F00D5AD3B /* Messages.swift in Sources */ = {isa = PBXBuildFile; fileRef = 84E6D669204ED43F00D5AD3B /* Messages.swift */; };
		84E6D66D204EF0B000D5AD3B /* HomePage_Data.swift in Sources */ = {isa = PBXBuildFile; fileRef = 84E6D66C204EF0B000D5AD3B /* HomePage_Data.swift */; };
		F35F6F69204AE52800F191FF /* SearchVC.swift in Sources */ = {isa = PBXBuildFile; fileRef = F35F6F68204AE52800F191FF /* SearchVC.swift */; };
		F35F6F6C204AE7A200F191FF /* BrandsVC.swift in Sources */ = {isa = PBXBuildFile; fileRef = F35F6F6A204AE7A200F191FF /* BrandsVC.swift */; };
		F35F6F6D204AE7A200F191FF /* BrandsVC.xib in Resources */ = {isa = PBXBuildFile; fileRef = F35F6F6B204AE7A200F191FF /* BrandsVC.xib */; };
		F35F6F6F204AE8A100F191FF /* SelectedBrandVC.swift in Sources */ = {isa = PBXBuildFile; fileRef = F35F6F6E204AE8A100F191FF /* SelectedBrandVC.swift */; };
		F35F6F71204AFB0600F191FF /* FilterVC.swift in Sources */ = {isa = PBXBuildFile; fileRef = F35F6F70204AFB0600F191FF /* FilterVC.swift */; };
		F3C8F2AF2044D93E00AC0CE5 /* RandomFloatNumber.swift in Sources */ = {isa = PBXBuildFile; fileRef = F3C8F2AE2044D93E00AC0CE5 /* RandomFloatNumber.swift */; };
		F3C8F2B12046158A00AC0CE5 /* ColorsCell.swift in Sources */ = {isa = PBXBuildFile; fileRef = F3C8F2B02046158A00AC0CE5 /* ColorsCell.swift */; };
		F3D14E652044C021008162B1 /* MaterialView.swift in Sources */ = {isa = PBXBuildFile; fileRef = F3D14E642044C020008162B1 /* MaterialView.swift */; };
		F3D14E672044CD52008162B1 /* CategoryCell.swift in Sources */ = {isa = PBXBuildFile; fileRef = F3D14E662044CD52008162B1 /* CategoryCell.swift */; };
		F3D14E692044CD7C008162B1 /* BrandsCell.swift in Sources */ = {isa = PBXBuildFile; fileRef = F3D14E682044CD7C008162B1 /* BrandsCell.swift */; };
/* End PBXBuildFile section */

/* Begin PBXFileReference section */
		1022414A04DBE6FA3A322585 /* Pods-Hyper.release.xcconfig */ = {isa = PBXFileReference; includeInIndex = 1; lastKnownFileType = text.xcconfig; name = "Pods-Hyper.release.xcconfig"; path = "Pods/Target Support Files/Pods-Hyper/Pods-Hyper.release.xcconfig"; sourceTree = "<group>"; };
		2B5E53C6C65B2E941A32D718 /* Pods-Hyper.debug.xcconfig */ = {isa = PBXFileReference; includeInIndex = 1; lastKnownFileType = text.xcconfig; name = "Pods-Hyper.debug.xcconfig"; path = "Pods/Target Support Files/Pods-Hyper/Pods-Hyper.debug.xcconfig"; sourceTree = "<group>"; };
		842563C320456D3800CE0BF7 /* ItemsDetailsVC.swift */ = {isa = PBXFileReference; lastKnownFileType = sourcecode.swift; path = ItemsDetailsVC.swift; sourceTree = "<group>"; };
		842563C52045700700CE0BF7 /* ReviewCell.swift */ = {isa = PBXFileReference; lastKnownFileType = sourcecode.swift; path = ReviewCell.swift; sourceTree = "<group>"; };
		842563C62045700700CE0BF7 /* ReviewCell.xib */ = {isa = PBXFileReference; lastKnownFileType = file.xib; path = ReviewCell.xib; sourceTree = "<group>"; };
		842563CD2045705F00CE0BF7 /* LabelOnlyCell.swift */ = {isa = PBXFileReference; lastKnownFileType = sourcecode.swift; path = LabelOnlyCell.swift; sourceTree = "<group>"; };
		842563CE2045705F00CE0BF7 /* LabelOnlyCell.xib */ = {isa = PBXFileReference; lastKnownFileType = file.xib; path = LabelOnlyCell.xib; sourceTree = "<group>"; };
		842563D720458B3F00CE0BF7 /* ar */ = {isa = PBXFileReference; lastKnownFileType = text.plist.strings; name = ar; path = ar.lproj/Main.strings; sourceTree = "<group>"; };
		842563D820458B3F00CE0BF7 /* ar */ = {isa = PBXFileReference; lastKnownFileType = text.plist.strings; name = ar; path = ar.lproj/LaunchScreen.strings; sourceTree = "<group>"; };
		842563D920458BBF00CE0BF7 /* Constant.swift */ = {isa = PBXFileReference; lastKnownFileType = sourcecode.swift; path = Constant.swift; sourceTree = "<group>"; };
		842E08F12043FC590047505B /* Hyper.app */ = {isa = PBXFileReference; explicitFileType = wrapper.application; includeInIndex = 0; path = Hyper.app; sourceTree = BUILT_PRODUCTS_DIR; };
		842E08F42043FC590047505B /* AppDelegate.swift */ = {isa = PBXFileReference; lastKnownFileType = sourcecode.swift; path = AppDelegate.swift; sourceTree = "<group>"; };
		842E08F62043FC590047505B /* HomePage.swift */ = {isa = PBXFileReference; lastKnownFileType = sourcecode.swift; path = HomePage.swift; sourceTree = "<group>"; };
		842E08F92043FC590047505B /* Base */ = {isa = PBXFileReference; lastKnownFileType = file.storyboard; name = Base; path = Base.lproj/Main.storyboard; sourceTree = "<group>"; };
		842E08FB2043FC590047505B /* Assets.xcassets */ = {isa = PBXFileReference; lastKnownFileType = folder.assetcatalog; path = Assets.xcassets; sourceTree = "<group>"; };
		842E08FE2043FC590047505B /* Base */ = {isa = PBXFileReference; lastKnownFileType = file.storyboard; name = Base; path = Base.lproj/LaunchScreen.storyboard; sourceTree = "<group>"; };
		842E09002043FC590047505B /* Info.plist */ = {isa = PBXFileReference; lastKnownFileType = text.plist.xml; path = Info.plist; sourceTree = "<group>"; };
		842E09072043FD970047505B /* ReloadApp.swift */ = {isa = PBXFileReference; lastKnownFileType = sourcecode.swift; path = ReloadApp.swift; sourceTree = "<group>"; };
		842E09112043FE430047505B /* L012Localizer.swift */ = {isa = PBXFileReference; fileEncoding = 4; lastKnownFileType = sourcecode.swift; path = L012Localizer.swift; sourceTree = "<group>"; };
		842E09122043FE430047505B /* MirroringViewController.swift */ = {isa = PBXFileReference; fileEncoding = 4; lastKnownFileType = sourcecode.swift; path = MirroringViewController.swift; sourceTree = "<group>"; };
		842E09132043FE440047505B /* MirroringLabel.swift */ = {isa = PBXFileReference; fileEncoding = 4; lastKnownFileType = sourcecode.swift; path = MirroringLabel.swift; sourceTree = "<group>"; };
		842E09142043FE440047505B /* L102Language.swift */ = {isa = PBXFileReference; fileEncoding = 4; lastKnownFileType = sourcecode.swift; path = L102Language.swift; sourceTree = "<group>"; };
		842E091B2043FF280047505B /* UIViewXRadialGradient.swift */ = {isa = PBXFileReference; fileEncoding = 4; lastKnownFileType = sourcecode.swift; path = UIViewXRadialGradient.swift; sourceTree = "<group>"; };
		842E091C2043FF280047505B /* UITextFieldX.swift */ = {isa = PBXFileReference; fileEncoding = 4; lastKnownFileType = sourcecode.swift; path = UITextFieldX.swift; sourceTree = "<group>"; };
		842E091D2043FF280047505B /* UIButtonX.swift */ = {isa = PBXFileReference; fileEncoding = 4; lastKnownFileType = sourcecode.swift; path = UIButtonX.swift; sourceTree = "<group>"; };
		842E091E2043FF280047505B /* UILabelX.swift */ = {isa = PBXFileReference; fileEncoding = 4; lastKnownFileType = sourcecode.swift; path = UILabelX.swift; sourceTree = "<group>"; };
		842E091F2043FF280047505B /* UIViewAnchorPoint.swift */ = {isa = PBXFileReference; fileEncoding = 4; lastKnownFileType = sourcecode.swift; path = UIViewAnchorPoint.swift; sourceTree = "<group>"; };
		842E09202043FF280047505B /* UIViewControllerX.swift */ = {isa = PBXFileReference; fileEncoding = 4; lastKnownFileType = sourcecode.swift; path = UIViewControllerX.swift; sourceTree = "<group>"; };
		842E09212043FF280047505B /* UIImageViewX.swift */ = {isa = PBXFileReference; fileEncoding = 4; lastKnownFileType = sourcecode.swift; path = UIImageViewX.swift; sourceTree = "<group>"; };
		842E09222043FF280047505B /* UIViewX.swift */ = {isa = PBXFileReference; fileEncoding = 4; lastKnownFileType = sourcecode.swift; path = UIViewX.swift; sourceTree = "<group>"; };
		842E09232043FF280047505B /* UIVisualEffectViewX.swift */ = {isa = PBXFileReference; fileEncoding = 4; lastKnownFileType = sourcecode.swift; path = UIVisualEffectViewX.swift; sourceTree = "<group>"; };
		842E09242043FF280047505B /* UISliderX.swift */ = {isa = PBXFileReference; fileEncoding = 4; lastKnownFileType = sourcecode.swift; path = UISliderX.swift; sourceTree = "<group>"; };
		842E092F204400170047505B /* ProductCell.swift */ = {isa = PBXFileReference; lastKnownFileType = sourcecode.swift; path = ProductCell.swift; sourceTree = "<group>"; };
		842E0930204400170047505B /* ProductCell.xib */ = {isa = PBXFileReference; lastKnownFileType = file.xib; path = ProductCell.xib; sourceTree = "<group>"; };
		84314748205024F900AE045D /* MyExtensions.swift */ = {isa = PBXFileReference; lastKnownFileType = sourcecode.swift; path = MyExtensions.swift; sourceTree = "<group>"; };
		8431474A2050963B00AE045D /* Localization_Alerts.swift */ = {isa = PBXFileReference; fileEncoding = 4; lastKnownFileType = sourcecode.swift; path = Localization_Alerts.swift; sourceTree = "<group>"; };
		8431474B2050963B00AE045D /* LoclizationExConstant.swift */ = {isa = PBXFileReference; fileEncoding = 4; lastKnownFileType = sourcecode.swift; path = LoclizationExConstant.swift; sourceTree = "<group>"; };
		843160CF2051480F0067B4E4 /* ProfileVC.swift */ = {isa = PBXFileReference; lastKnownFileType = sourcecode.swift; path = ProfileVC.swift; sourceTree = "<group>"; };
		843160D1205148F80067B4E4 /* FilterCustomeView.swift */ = {isa = PBXFileReference; lastKnownFileType = sourcecode.swift; path = FilterCustomeView.swift; sourceTree = "<group>"; };
		843160D3205149150067B4E4 /* FilterCustomeView.xib */ = {isa = PBXFileReference; lastKnownFileType = file.xib; path = FilterCustomeView.xib; sourceTree = "<group>"; };
		843160D920516BDA0067B4E4 /* CategoriesFilterCell.swift */ = {isa = PBXFileReference; lastKnownFileType = sourcecode.swift; path = CategoriesFilterCell.swift; sourceTree = "<group>"; };
		843160DA20516BDA0067B4E4 /* CategoryFilterCell.xib */ = {isa = PBXFileReference; lastKnownFileType = file.xib; path = CategoryFilterCell.xib; sourceTree = "<group>"; };
		843160E5205172EF0067B4E4 /* CategoryTableCell.swift */ = {isa = PBXFileReference; lastKnownFileType = sourcecode.swift; path = CategoryTableCell.swift; sourceTree = "<group>"; };
		843160E6205172EF0067B4E4 /* CategoryTableCell.xib */ = {isa = PBXFileReference; lastKnownFileType = file.xib; path = CategoryTableCell.xib; sourceTree = "<group>"; };
		843160EB205187440067B4E4 /* FilterMainCell.swift */ = {isa = PBXFileReference; lastKnownFileType = sourcecode.swift; path = FilterMainCell.swift; sourceTree = "<group>"; };
		843160EC205187440067B4E4 /* FilterMainCell.xib */ = {isa = PBXFileReference; lastKnownFileType = file.xib; path = FilterMainCell.xib; sourceTree = "<group>"; };
		843160F3205193FD0067B4E4 /* FilterPriceView.swift */ = {isa = PBXFileReference; lastKnownFileType = sourcecode.swift; path = FilterPriceView.swift; sourceTree = "<group>"; };
		843160F5205194140067B4E4 /* FilterPriceView.xib */ = {isa = PBXFileReference; lastKnownFileType = file.xib; path = FilterPriceView.xib; sourceTree = "<group>"; };
		843160F7205196820067B4E4 /* FilterTableView.xib */ = {isa = PBXFileReference; lastKnownFileType = file.xib; path = FilterTableView.xib; sourceTree = "<group>"; };
		843160F92051968C0067B4E4 /* FilterTableView.swift */ = {isa = PBXFileReference; lastKnownFileType = sourcecode.swift; path = FilterTableView.swift; sourceTree = "<group>"; };
		843160FB2051BA250067B4E4 /* FIlter_Model.swift */ = {isa = PBXFileReference; lastKnownFileType = sourcecode.swift; path = FIlter_Model.swift; sourceTree = "<group>"; };
		8456D0152045BA0200CD8C4E /* SimilarItemsCell.swift */ = {isa = PBXFileReference; lastKnownFileType = sourcecode.swift; path = SimilarItemsCell.swift; sourceTree = "<group>"; };
		8456D0162045BA0200CD8C4E /* SimilarItemsCell.xib */ = {isa = PBXFileReference; lastKnownFileType = file.xib; path = SimilarItemsCell.xib; sourceTree = "<group>"; };
		845A3D1020540C0000C77EF2 /* UIViewControllerExt.swift */ = {isa = PBXFileReference; lastKnownFileType = sourcecode.swift; path = UIViewControllerExt.swift; sourceTree = "<group>"; };
		845A3D122054224900C77EF2 /* FilterViewController.swift */ = {isa = PBXFileReference; lastKnownFileType = sourcecode.swift; path = FilterViewController.swift; sourceTree = "<group>"; };
		84678B4420444EE90051AE03 /* FontExtension.swift */ = {isa = PBXFileReference; fileEncoding = 4; lastKnownFileType = sourcecode.swift; path = FontExtension.swift; sourceTree = "<group>"; };
		84678B4720444F190051AE03 /* UIView+Extensions.swift */ = {isa = PBXFileReference; fileEncoding = 4; lastKnownFileType = sourcecode.swift; path = "UIView+Extensions.swift"; sourceTree = "<group>"; };
		84678B4A20444F570051AE03 /* GOTHICBI.TTF */ = {isa = PBXFileReference; lastKnownFileType = file; path = GOTHICBI.TTF; sourceTree = "<group>"; };
		84678B4B20444F570051AE03 /* GOTHICB.TTF */ = {isa = PBXFileReference; lastKnownFileType = file; path = GOTHICB.TTF; sourceTree = "<group>"; };
		84678B4C20444F570051AE03 /* GOTHIC.TTF */ = {isa = PBXFileReference; lastKnownFileType = file; path = GOTHIC.TTF; sourceTree = "<group>"; };
		84678B4D20444F570051AE03 /* GOTHICI.TTF */ = {isa = PBXFileReference; lastKnownFileType = file; path = GOTHICI.TTF; sourceTree = "<group>"; };
		84678B4F20444F570051AE03 /* GE_SS_Two_Bold.otf */ = {isa = PBXFileReference; lastKnownFileType = file; path = GE_SS_Two_Bold.otf; sourceTree = "<group>"; };
		84678B5020444F570051AE03 /* GE_SS_Two_Light.otf */ = {isa = PBXFileReference; lastKnownFileType = file; path = GE_SS_Two_Light.otf; sourceTree = "<group>"; };
		84678B5120444F570051AE03 /* GE_SS_Two_Medium.otf */ = {isa = PBXFileReference; lastKnownFileType = file; path = GE_SS_Two_Medium.otf; sourceTree = "<group>"; };
		84678B5B20445C650051AE03 /* ProductsListVC.swift */ = {isa = PBXFileReference; lastKnownFileType = sourcecode.swift; path = ProductsListVC.swift; sourceTree = "<group>"; };
		84678B5C20445C650051AE03 /* ProductsListVC.xib */ = {isa = PBXFileReference; lastKnownFileType = file.xib; path = ProductsListVC.xib; sourceTree = "<group>"; };
		846B690320470A250039F037 /* NavigationBarView.xib */ = {isa = PBXFileReference; lastKnownFileType = file.xib; path = NavigationBarView.xib; sourceTree = "<group>"; };
		846B690520470A370039F037 /* NavigationBarView.swift */ = {isa = PBXFileReference; lastKnownFileType = sourcecode.swift; path = NavigationBarView.swift; sourceTree = "<group>"; };
		84C2ECBE205447440024CE6F /* 002-new.png */ = {isa = PBXFileReference; lastKnownFileType = image.png; path = "002-new.png"; sourceTree = "<group>"; };
		84E6D660204EB52600D5AD3B /* ItemDetails_Data.swift */ = {isa = PBXFileReference; lastKnownFileType = sourcecode.swift; path = ItemDetails_Data.swift; sourceTree = "<group>"; };
		84E6D663204EC65C00D5AD3B /* Get_Requests.swift */ = {isa = PBXFileReference; lastKnownFileType = sourcecode.swift; path = Get_Requests.swift; sourceTree = "<group>"; };
		84E6D667204ED2B100D5AD3B /* Connection.swift */ = {isa = PBXFileReference; fileEncoding = 4; lastKnownFileType = sourcecode.swift; path = Connection.swift; sourceTree = "<group>"; };
		84E6D669204ED43F00D5AD3B /* Messages.swift */ = {isa = PBXFileReference; fileEncoding = 4; lastKnownFileType = sourcecode.swift; path = Messages.swift; sourceTree = "<group>"; };
		84E6D66C204EF0B000D5AD3B /* HomePage_Data.swift */ = {isa = PBXFileReference; lastKnownFileType = sourcecode.swift; path = HomePage_Data.swift; sourceTree = "<group>"; };
		88E7E6E014D8C7E11D800CC1 /* Pods_Hyper.framework */ = {isa = PBXFileReference; explicitFileType = wrapper.framework; includeInIndex = 0; path = Pods_Hyper.framework; sourceTree = BUILT_PRODUCTS_DIR; };
		F35F6F68204AE52800F191FF /* SearchVC.swift */ = {isa = PBXFileReference; lastKnownFileType = sourcecode.swift; path = SearchVC.swift; sourceTree = "<group>"; };
		F35F6F6A204AE7A200F191FF /* BrandsVC.swift */ = {isa = PBXFileReference; lastKnownFileType = sourcecode.swift; path = BrandsVC.swift; sourceTree = "<group>"; };
		F35F6F6B204AE7A200F191FF /* BrandsVC.xib */ = {isa = PBXFileReference; lastKnownFileType = file.xib; path = BrandsVC.xib; sourceTree = "<group>"; };
		F35F6F6E204AE8A100F191FF /* SelectedBrandVC.swift */ = {isa = PBXFileReference; lastKnownFileType = sourcecode.swift; path = SelectedBrandVC.swift; sourceTree = "<group>"; };
		F35F6F70204AFB0600F191FF /* FilterVC.swift */ = {isa = PBXFileReference; lastKnownFileType = sourcecode.swift; path = FilterVC.swift; sourceTree = "<group>"; };
		F3C8F2AE2044D93E00AC0CE5 /* RandomFloatNumber.swift */ = {isa = PBXFileReference; lastKnownFileType = sourcecode.swift; path = RandomFloatNumber.swift; sourceTree = "<group>"; };
		F3C8F2B02046158A00AC0CE5 /* ColorsCell.swift */ = {isa = PBXFileReference; lastKnownFileType = sourcecode.swift; path = ColorsCell.swift; sourceTree = "<group>"; };
		F3D14E642044C020008162B1 /* MaterialView.swift */ = {isa = PBXFileReference; fileEncoding = 4; lastKnownFileType = sourcecode.swift; path = MaterialView.swift; sourceTree = "<group>"; };
		F3D14E662044CD52008162B1 /* CategoryCell.swift */ = {isa = PBXFileReference; lastKnownFileType = sourcecode.swift; path = CategoryCell.swift; sourceTree = "<group>"; };
		F3D14E682044CD7C008162B1 /* BrandsCell.swift */ = {isa = PBXFileReference; lastKnownFileType = sourcecode.swift; path = BrandsCell.swift; sourceTree = "<group>"; };
/* End PBXFileReference section */

/* Begin PBXFrameworksBuildPhase section */
		842E08EE2043FC590047505B /* Frameworks */ = {
			isa = PBXFrameworksBuildPhase;
			buildActionMask = 2147483647;
			files = (
				03F547733988F27D7D55E3B6 /* Pods_Hyper.framework in Frameworks */,
			);
			runOnlyForDeploymentPostprocessing = 0;
		};
/* End PBXFrameworksBuildPhase section */

/* Begin PBXGroup section */
		842563D12045718800CE0BF7 /* Cells */ = {
			isa = PBXGroup;
			children = (
				842563C52045700700CE0BF7 /* ReviewCell.swift */,
				842563C62045700700CE0BF7 /* ReviewCell.xib */,
				842563CD2045705F00CE0BF7 /* LabelOnlyCell.swift */,
				842563CE2045705F00CE0BF7 /* LabelOnlyCell.xib */,
			);
			path = Cells;
			sourceTree = "<group>";
		};
		842563D2204571A500CE0BF7 /* Item Details */ = {
			isa = PBXGroup;
			children = (
				842563C320456D3800CE0BF7 /* ItemsDetailsVC.swift */,
				842563D12045718800CE0BF7 /* Cells */,
			);
			path = "Item Details";
			sourceTree = "<group>";
		};
		842563D3204571CE00CE0BF7 /* Views */ = {
			isa = PBXGroup;
			children = (
				842E08F82043FC590047505B /* Main.storyboard */,
				F3C8F2B02046158A00AC0CE5 /* ColorsCell.swift */,
				842563D4204571D500CE0BF7 /* Cells */,
			);
			path = Views;
			sourceTree = "<group>";
		};
		842563D4204571D500CE0BF7 /* Cells */ = {
			isa = PBXGroup;
			children = (
				842E092F204400170047505B /* ProductCell.swift */,
				842E0930204400170047505B /* ProductCell.xib */,
				8456D0152045BA0200CD8C4E /* SimilarItemsCell.swift */,
				8456D0162045BA0200CD8C4E /* SimilarItemsCell.xib */,
			);
			path = Cells;
			sourceTree = "<group>";
		};
		842563D5204571E800CE0BF7 /* HomeP */ = {
			isa = PBXGroup;
			children = (
				842E08F62043FC590047505B /* HomePage.swift */,
				F3D14E662044CD52008162B1 /* CategoryCell.swift */,
				F3D14E682044CD7C008162B1 /* BrandsCell.swift */,
			);
			path = HomeP;
			sourceTree = "<group>";
		};
		842563D6204571F700CE0BF7 /* C */ = {
			isa = PBXGroup;
			children = (
				843160E9205178390067B4E4 /* FilterV */,
				843160CF2051480F0067B4E4 /* ProfileVC.swift */,
				F35F6F70204AFB0600F191FF /* FilterVC.swift */,
				F35F6F6A204AE7A200F191FF /* BrandsVC.swift */,
				F35F6F6B204AE7A200F191FF /* BrandsVC.xib */,
				842563D5204571E800CE0BF7 /* HomeP */,
				842563D2204571A500CE0BF7 /* Item Details */,
				84678B5B20445C650051AE03 /* ProductsListVC.swift */,
				84678B5C20445C650051AE03 /* ProductsListVC.xib */,
				F35F6F68204AE52800F191FF /* SearchVC.swift */,
				F35F6F6E204AE8A100F191FF /* SelectedBrandVC.swift */,
			);
			path = C;
			sourceTree = "<group>";
		};
		842E08E82043FC590047505B = {
			isa = PBXGroup;
			children = (
				842E08F32043FC590047505B /* Hyper */,
				84678B59204453C30051AE03 /* Helpers */,
				842E08F22043FC590047505B /* Products */,
				D7DFA7C49DB706E7AA04E862 /* Pods */,
				F71247ABEE6FC009FFB16F1E /* Frameworks */,
			);
			sourceTree = "<group>";
		};
		842E08F22043FC590047505B /* Products */ = {
			isa = PBXGroup;
			children = (
				842E08F12043FC590047505B /* Hyper.app */,
			);
			name = Products;
			sourceTree = "<group>";
		};
		842E08F32043FC590047505B /* Hyper */ = {
			isa = PBXGroup;
			children = (
				846B690320470A250039F037 /* NavigationBarView.xib */,
				846B690520470A370039F037 /* NavigationBarView.swift */,
				842E09062043FD7E0047505B /* appDelegate */,
				84E6D662204EB53200D5AD3B /* Models */,
				842563D6204571F700CE0BF7 /* C */,
				842563D3204571CE00CE0BF7 /* Views */,
				842E09192043FE4E0047505B /* Loclization */,
				842E091A2043FF280047505B /* DesignableX */,
				842E08FB2043FC590047505B /* Assets.xcassets */,
				842E08FD2043FC590047505B /* LaunchScreen.storyboard */,
				842E09002043FC590047505B /* Info.plist */,
			);
			path = Hyper;
			sourceTree = "<group>";
		};
		842E09062043FD7E0047505B /* appDelegate */ = {
			isa = PBXGroup;
			children = (
				842E08F42043FC590047505B /* AppDelegate.swift */,
				842E09072043FD970047505B /* ReloadApp.swift */,
			);
			path = appDelegate;
			sourceTree = "<group>";
		};
		842E09192043FE4E0047505B /* Loclization */ = {
			isa = PBXGroup;
			children = (
				842E09112043FE430047505B /* L012Localizer.swift */,
				842E09142043FE440047505B /* L102Language.swift */,
				842E09132043FE440047505B /* MirroringLabel.swift */,
				842E09122043FE430047505B /* MirroringViewController.swift */,
			);
			path = Loclization;
			sourceTree = "<group>";
		};
		842E091A2043FF280047505B /* DesignableX */ = {
			isa = PBXGroup;
			children = (
				F3D14E642044C020008162B1 /* MaterialView.swift */,
				842E091B2043FF280047505B /* UIViewXRadialGradient.swift */,
				842E091C2043FF280047505B /* UITextFieldX.swift */,
				842E091D2043FF280047505B /* UIButtonX.swift */,
				842E091E2043FF280047505B /* UILabelX.swift */,
				842E091F2043FF280047505B /* UIViewAnchorPoint.swift */,
				842E09202043FF280047505B /* UIViewControllerX.swift */,
				842E09212043FF280047505B /* UIImageViewX.swift */,
				842E09222043FF280047505B /* UIViewX.swift */,
				842E09232043FF280047505B /* UIVisualEffectViewX.swift */,
				842E09242043FF280047505B /* UISliderX.swift */,
			);
			path = DesignableX;
			sourceTree = "<group>";
		};
		843160E9205178390067B4E4 /* FilterV */ = {
			isa = PBXGroup;
			children = (
				845A3D122054224900C77EF2 /* FilterViewController.swift */,
				843160D1205148F80067B4E4 /* FilterCustomeView.swift */,
				843160D3205149150067B4E4 /* FilterCustomeView.xib */,
				843160F92051968C0067B4E4 /* FilterTableView.swift */,
				843160F7205196820067B4E4 /* FilterTableView.xib */,
				843160F3205193FD0067B4E4 /* FilterPriceView.swift */,
				843160F5205194140067B4E4 /* FilterPriceView.xib */,
				843160EA2051786B0067B4E4 /* Cells */,
			);
			path = FilterV;
			sourceTree = "<group>";
		};
		843160EA2051786B0067B4E4 /* Cells */ = {
			isa = PBXGroup;
			children = (
				843160F2205187700067B4E4 /* MainCells */,
				843160D920516BDA0067B4E4 /* CategoriesFilterCell.swift */,
				843160DA20516BDA0067B4E4 /* CategoryFilterCell.xib */,
				843160E5205172EF0067B4E4 /* CategoryTableCell.swift */,
				843160E6205172EF0067B4E4 /* CategoryTableCell.xib */,
			);
			path = Cells;
			sourceTree = "<group>";
		};
		843160F1205187680067B4E4 /* FilterMainCell */ = {
			isa = PBXGroup;
			children = (
				843160EB205187440067B4E4 /* FilterMainCell.swift */,
				843160EC205187440067B4E4 /* FilterMainCell.xib */,
			);
			path = FilterMainCell;
			sourceTree = "<group>";
		};
		843160F2205187700067B4E4 /* MainCells */ = {
			isa = PBXGroup;
			children = (
				843160F1205187680067B4E4 /* FilterMainCell */,
			);
			path = MainCells;
			sourceTree = "<group>";
		};
		84678B4920444F570051AE03 /* font_EN */ = {
			isa = PBXGroup;
			children = (
				84678B4A20444F570051AE03 /* GOTHICBI.TTF */,
				84678B4B20444F570051AE03 /* GOTHICB.TTF */,
				84678B4C20444F570051AE03 /* GOTHIC.TTF */,
				84678B4D20444F570051AE03 /* GOTHICI.TTF */,
			);
			path = font_EN;
			sourceTree = "<group>";
		};
		84678B4E20444F570051AE03 /* font_AR */ = {
			isa = PBXGroup;
			children = (
				84678B4F20444F570051AE03 /* GE_SS_Two_Bold.otf */,
				84678B5020444F570051AE03 /* GE_SS_Two_Light.otf */,
				84678B5120444F570051AE03 /* GE_SS_Two_Medium.otf */,
			);
			path = font_AR;
			sourceTree = "<group>";
		};
		84678B59204453C30051AE03 /* Helpers */ = {
			isa = PBXGroup;
			children = (
				84314748205024F900AE045D /* MyExtensions.swift */,
				84C2ECBE205447440024CE6F /* 002-new.png */,
				845A3D1020540C0000C77EF2 /* UIViewControllerExt.swift */,
				F3C8F2AE2044D93E00AC0CE5 /* RandomFloatNumber.swift */,
				84678B4E20444F570051AE03 /* font_AR */,
				84678B4920444F570051AE03 /* font_EN */,
				84678B5A204453CD0051AE03 /* Extenions */,
			);
			name = Helpers;
			sourceTree = "<group>";
		};
		84678B5A204453CD0051AE03 /* Extenions */ = {
			isa = PBXGroup;
			children = (
				8431474A2050963B00AE045D /* Localization_Alerts.swift */,
				8431474B2050963B00AE045D /* LoclizationExConstant.swift */,
				84678B4420444EE90051AE03 /* FontExtension.swift */,
				84678B4720444F190051AE03 /* UIView+Extensions.swift */,
			);
			path = Extenions;
			sourceTree = "<group>";
		};
		84E6D662204EB53200D5AD3B /* Models */ = {
			isa = PBXGroup;
			children = (
				842563D920458BBF00CE0BF7 /* Constant.swift */,
				84E6D669204ED43F00D5AD3B /* Messages.swift */,
				84E6D667204ED2B100D5AD3B /* Connection.swift */,
				84E6D663204EC65C00D5AD3B /* Get_Requests.swift */,
				84E6D66B204EF09D00D5AD3B /* Models_Vars_Trees */,
				843160FB2051BA250067B4E4 /* FIlter_Model.swift */,
			);
			path = Models;
			sourceTree = "<group>";
		};
		84E6D66B204EF09D00D5AD3B /* Models_Vars_Trees */ = {
			isa = PBXGroup;
			children = (
				84E6D66C204EF0B000D5AD3B /* HomePage_Data.swift */,
				84E6D660204EB52600D5AD3B /* ItemDetails_Data.swift */,
			);
			path = Models_Vars_Trees;
			sourceTree = "<group>";
		};
		D7DFA7C49DB706E7AA04E862 /* Pods */ = {
			isa = PBXGroup;
			children = (
				2B5E53C6C65B2E941A32D718 /* Pods-Hyper.debug.xcconfig */,
				1022414A04DBE6FA3A322585 /* Pods-Hyper.release.xcconfig */,
			);
			name = Pods;
			sourceTree = "<group>";
		};
		F71247ABEE6FC009FFB16F1E /* Frameworks */ = {
			isa = PBXGroup;
			children = (
				88E7E6E014D8C7E11D800CC1 /* Pods_Hyper.framework */,
			);
			name = Frameworks;
			sourceTree = "<group>";
		};
/* End PBXGroup section */

/* Begin PBXNativeTarget section */
		842E08F02043FC590047505B /* Hyper */ = {
			isa = PBXNativeTarget;
			buildConfigurationList = 842E09032043FC590047505B /* Build configuration list for PBXNativeTarget "Hyper" */;
			buildPhases = (
				D664E2D30AE29A6A1D9F924D /* [CP] Check Pods Manifest.lock */,
				842E08ED2043FC590047505B /* Sources */,
				842E08EE2043FC590047505B /* Frameworks */,
				842E08EF2043FC590047505B /* Resources */,
				639A9185BDF101525AD7D43E /* [CP] Embed Pods Frameworks */,
				0139912B3278E849DED728ED /* [CP] Copy Pods Resources */,
			);
			buildRules = (
			);
			dependencies = (
			);
			name = Hyper;
			productName = Hyper;
			productReference = 842E08F12043FC590047505B /* Hyper.app */;
			productType = "com.apple.product-type.application";
		};
/* End PBXNativeTarget section */

/* Begin PBXProject section */
		842E08E92043FC590047505B /* Project object */ = {
			isa = PBXProject;
			attributes = {
				LastSwiftUpdateCheck = 0920;
				LastUpgradeCheck = 0920;
				ORGANIZATIONNAME = admin;
				TargetAttributes = {
					842E08F02043FC590047505B = {
						CreatedOnToolsVersion = 9.2;
						ProvisioningStyle = Automatic;
					};
				};
			};
			buildConfigurationList = 842E08EC2043FC590047505B /* Build configuration list for PBXProject "Hyper" */;
			compatibilityVersion = "Xcode 8.0";
			developmentRegion = en;
			hasScannedForEncodings = 0;
			knownRegions = (
				en,
				Base,
			);
			mainGroup = 842E08E82043FC590047505B;
			productRefGroup = 842E08F22043FC590047505B /* Products */;
			projectDirPath = "";
			projectRoot = "";
			targets = (
				842E08F02043FC590047505B /* Hyper */,
			);
		};
/* End PBXProject section */

/* Begin PBXResourcesBuildPhase section */
		842E08EF2043FC590047505B /* Resources */ = {
			isa = PBXResourcesBuildPhase;
			buildActionMask = 2147483647;
			files = (
				842E08FF2043FC590047505B /* LaunchScreen.storyboard in Resources */,
				84678B5720444F570051AE03 /* GE_SS_Two_Light.otf in Resources */,
				F35F6F6D204AE7A200F191FF /* BrandsVC.xib in Resources */,
				842563D02045705F00CE0BF7 /* LabelOnlyCell.xib in Resources */,
				842E0932204400170047505B /* ProductCell.xib in Resources */,
				84678B5420444F570051AE03 /* GOTHIC.TTF in Resources */,
				84678B5E20445C650051AE03 /* ProductsListVC.xib in Resources */,
				846B690420470A250039F037 /* NavigationBarView.xib in Resources */,
				842563C82045700700CE0BF7 /* ReviewCell.xib in Resources */,
				843160D4205149150067B4E4 /* FilterCustomeView.xib in Resources */,
				8456D0182045BA0200CD8C4E /* SimilarItemsCell.xib in Resources */,
				842E08FC2043FC590047505B /* Assets.xcassets in Resources */,
				843160F8205196820067B4E4 /* FilterTableView.xib in Resources */,
				84678B5820444F570051AE03 /* GE_SS_Two_Medium.otf in Resources */,
				84678B5220444F570051AE03 /* GOTHICBI.TTF in Resources */,
				84C2ECBF205447440024CE6F /* 002-new.png in Resources */,
				843160F6205194140067B4E4 /* FilterPriceView.xib in Resources */,
				843160E8205172EF0067B4E4 /* CategoryTableCell.xib in Resources */,
				84678B5620444F570051AE03 /* GE_SS_Two_Bold.otf in Resources */,
				843160EE205187440067B4E4 /* FilterMainCell.xib in Resources */,
				842E08FA2043FC590047505B /* Main.storyboard in Resources */,
				84678B5520444F570051AE03 /* GOTHICI.TTF in Resources */,
				84678B5320444F570051AE03 /* GOTHICB.TTF in Resources */,
				843160DC20516BDA0067B4E4 /* CategoryFilterCell.xib in Resources */,
			);
			runOnlyForDeploymentPostprocessing = 0;
		};
/* End PBXResourcesBuildPhase section */

/* Begin PBXShellScriptBuildPhase section */
		0139912B3278E849DED728ED /* [CP] Copy Pods Resources */ = {
			isa = PBXShellScriptBuildPhase;
			buildActionMask = 2147483647;
			files = (
			);
			inputPaths = (
			);
			name = "[CP] Copy Pods Resources";
			outputPaths = (
			);
			runOnlyForDeploymentPostprocessing = 0;
			shellPath = /bin/sh;
			shellScript = "\"${SRCROOT}/Pods/Target Support Files/Pods-Hyper/Pods-Hyper-resources.sh\"\n";
			showEnvVarsInLog = 0;
		};
		639A9185BDF101525AD7D43E /* [CP] Embed Pods Frameworks */ = {
			isa = PBXShellScriptBuildPhase;
			buildActionMask = 2147483647;
			files = (
			);
			inputPaths = (
				"${SRCROOT}/Pods/Target Support Files/Pods-Hyper/Pods-Hyper-frameworks.sh",
				"${BUILT_PRODUCTS_DIR}/Alamofire/Alamofire.framework",
				"${BUILT_PRODUCTS_DIR}/AlamofireImage/AlamofireImage.framework",
				"${BUILT_PRODUCTS_DIR}/CDAlertView/CDAlertView.framework",
				"${BUILT_PRODUCTS_DIR}/FSPagerView/FSPagerView.framework",
				"${BUILT_PRODUCTS_DIR}/IQKeyboardManagerSwift/IQKeyboardManagerSwift.framework",
				"${BUILT_PRODUCTS_DIR}/NVActivityIndicatorView/NVActivityIndicatorView.framework",
				"${BUILT_PRODUCTS_DIR}/RangeSeekSlider/RangeSeekSlider.framework",
				"${BUILT_PRODUCTS_DIR}/SwiftyJSON/SwiftyJSON.framework",
				"${BUILT_PRODUCTS_DIR}/SwiftyStarRatingView/SwiftyStarRatingView.framework",
				"${BUILT_PRODUCTS_DIR}/UITextView+Placeholder/UITextView_Placeholder.framework",
			);
			name = "[CP] Embed Pods Frameworks";
			outputPaths = (
				"${TARGET_BUILD_DIR}/${FRAMEWORKS_FOLDER_PATH}/Alamofire.framework",
				"${TARGET_BUILD_DIR}/${FRAMEWORKS_FOLDER_PATH}/AlamofireImage.framework",
				"${TARGET_BUILD_DIR}/${FRAMEWORKS_FOLDER_PATH}/CDAlertView.framework",
				"${TARGET_BUILD_DIR}/${FRAMEWORKS_FOLDER_PATH}/FSPagerView.framework",
				"${TARGET_BUILD_DIR}/${FRAMEWORKS_FOLDER_PATH}/IQKeyboardManagerSwift.framework",
				"${TARGET_BUILD_DIR}/${FRAMEWORKS_FOLDER_PATH}/NVActivityIndicatorView.framework",
				"${TARGET_BUILD_DIR}/${FRAMEWORKS_FOLDER_PATH}/RangeSeekSlider.framework",
				"${TARGET_BUILD_DIR}/${FRAMEWORKS_FOLDER_PATH}/SwiftyJSON.framework",
				"${TARGET_BUILD_DIR}/${FRAMEWORKS_FOLDER_PATH}/SwiftyStarRatingView.framework",
				"${TARGET_BUILD_DIR}/${FRAMEWORKS_FOLDER_PATH}/UITextView_Placeholder.framework",
			);
			runOnlyForDeploymentPostprocessing = 0;
			shellPath = /bin/sh;
			shellScript = "\"${SRCROOT}/Pods/Target Support Files/Pods-Hyper/Pods-Hyper-frameworks.sh\"\n";
			showEnvVarsInLog = 0;
		};
		D664E2D30AE29A6A1D9F924D /* [CP] Check Pods Manifest.lock */ = {
			isa = PBXShellScriptBuildPhase;
			buildActionMask = 2147483647;
			files = (
			);
			inputPaths = (
				"${PODS_PODFILE_DIR_PATH}/Podfile.lock",
				"${PODS_ROOT}/Manifest.lock",
			);
			name = "[CP] Check Pods Manifest.lock";
			outputPaths = (
				"$(DERIVED_FILE_DIR)/Pods-Hyper-checkManifestLockResult.txt",
			);
			runOnlyForDeploymentPostprocessing = 0;
			shellPath = /bin/sh;
			shellScript = "diff \"${PODS_PODFILE_DIR_PATH}/Podfile.lock\" \"${PODS_ROOT}/Manifest.lock\" > /dev/null\nif [ $? != 0 ] ; then\n    # print error to STDERR\n    echo \"error: The sandbox is not in sync with the Podfile.lock. Run 'pod install' or update your CocoaPods installation.\" >&2\n    exit 1\nfi\n# This output is used by Xcode 'outputs' to avoid re-running this script phase.\necho \"SUCCESS\" > \"${SCRIPT_OUTPUT_FILE_0}\"\n";
			showEnvVarsInLog = 0;
		};
/* End PBXShellScriptBuildPhase section */

/* Begin PBXSourcesBuildPhase section */
		842E08ED2043FC590047505B /* Sources */ = {
			isa = PBXSourcesBuildPhase;
			buildActionMask = 2147483647;
			files = (
				F3D14E672044CD52008162B1 /* CategoryCell.swift in Sources */,
				84678B4820444F190051AE03 /* UIView+Extensions.swift in Sources */,
				842E09292043FF280047505B /* UIViewAnchorPoint.swift in Sources */,
				842E09282043FF280047505B /* UILabelX.swift in Sources */,
				843160E7205172EF0067B4E4 /* CategoryTableCell.swift in Sources */,
				842563C72045700700CE0BF7 /* ReviewCell.swift in Sources */,
				842E08F72043FC590047505B /* HomePage.swift in Sources */,
				F3D14E692044CD7C008162B1 /* BrandsCell.swift in Sources */,
				845A3D1120540C0000C77EF2 /* UIViewControllerExt.swift in Sources */,
				843160DB20516BDA0067B4E4 /* CategoriesFilterCell.swift in Sources */,
				842E08F52043FC590047505B /* AppDelegate.swift in Sources */,
				F35F6F6C204AE7A200F191FF /* BrandsVC.swift in Sources */,
				84678B5D20445C650051AE03 /* ProductsListVC.swift in Sources */,
				842E09252043FF280047505B /* UIViewXRadialGradient.swift in Sources */,
				F35F6F6F204AE8A100F191FF /* SelectedBrandVC.swift in Sources */,
				F35F6F71204AFB0600F191FF /* FilterVC.swift in Sources */,
				84E6D668204ED2B100D5AD3B /* Connection.swift in Sources */,
				842563DA20458BBF00CE0BF7 /* Constant.swift in Sources */,
				842E09262043FF280047505B /* UITextFieldX.swift in Sources */,
				84E6D66D204EF0B000D5AD3B /* HomePage_Data.swift in Sources */,
				F35F6F69204AE52800F191FF /* SearchVC.swift in Sources */,
				84E6D66A204ED43F00D5AD3B /* Messages.swift in Sources */,
				842563C420456D3800CE0BF7 /* ItemsDetailsVC.swift in Sources */,
				84E6D661204EB52600D5AD3B /* ItemDetails_Data.swift in Sources */,
				84314749205024F900AE045D /* MyExtensions.swift in Sources */,
				842E092D2043FF280047505B /* UIVisualEffectViewX.swift in Sources */,
				842E09172043FE440047505B /* MirroringLabel.swift in Sources */,
				842E092A2043FF280047505B /* UIViewControllerX.swift in Sources */,
				84678B4620444EE90051AE03 /* FontExtension.swift in Sources */,
				842E092C2043FF280047505B /* UIViewX.swift in Sources */,
				846B690620470A370039F037 /* NavigationBarView.swift in Sources */,
				8431474C2050963B00AE045D /* Localization_Alerts.swift in Sources */,
				8431474D2050963B00AE045D /* LoclizationExConstant.swift in Sources */,
				843160F4205193FD0067B4E4 /* FilterPriceView.swift in Sources */,
				843160D02051480F0067B4E4 /* ProfileVC.swift in Sources */,
				842E09152043FE440047505B /* L012Localizer.swift in Sources */,
				842E09272043FF280047505B /* UIButtonX.swift in Sources */,
				F3D14E652044C021008162B1 /* MaterialView.swift in Sources */,
				842E09162043FE440047505B /* MirroringViewController.swift in Sources */,
				842E092E2043FF280047505B /* UISliderX.swift in Sources */,
				842E092B2043FF280047505B /* UIImageViewX.swift in Sources */,
				843160D2205148F80067B4E4 /* FilterCustomeView.swift in Sources */,
				F3C8F2AF2044D93E00AC0CE5 /* RandomFloatNumber.swift in Sources */,
				843160ED205187440067B4E4 /* FilterMainCell.swift in Sources */,
				842563CF2045705F00CE0BF7 /* LabelOnlyCell.swift in Sources */,
				84E6D664204EC65C00D5AD3B /* Get_Requests.swift in Sources */,
				8456D0172045BA0200CD8C4E /* SimilarItemsCell.swift in Sources */,
				842E0931204400170047505B /* ProductCell.swift in Sources */,
				845A3D132054224900C77EF2 /* FilterViewController.swift in Sources */,
				842E09082043FD970047505B /* ReloadApp.swift in Sources */,
				843160FA2051968C0067B4E4 /* FilterTableView.swift in Sources */,
				842E09182043FE440047505B /* L102Language.swift in Sources */,
				F3C8F2B12046158A00AC0CE5 /* ColorsCell.swift in Sources */,
				843160FC2051BA250067B4E4 /* FIlter_Model.swift in Sources */,
			);
			runOnlyForDeploymentPostprocessing = 0;
		};
/* End PBXSourcesBuildPhase section */

/* Begin PBXVariantGroup section */
		842E08F82043FC590047505B /* Main.storyboard */ = {
			isa = PBXVariantGroup;
			children = (
				842E08F92043FC590047505B /* Base */,
				842563D720458B3F00CE0BF7 /* ar */,
			);
			name = Main.storyboard;
			sourceTree = "<group>";
		};
		842E08FD2043FC590047505B /* LaunchScreen.storyboard */ = {
			isa = PBXVariantGroup;
			children = (
				842E08FE2043FC590047505B /* Base */,
				842563D820458B3F00CE0BF7 /* ar */,
			);
			name = LaunchScreen.storyboard;
			sourceTree = "<group>";
		};
/* End PBXVariantGroup section */

/* Begin XCBuildConfiguration section */
		842E09012043FC590047505B /* Debug */ = {
			isa = XCBuildConfiguration;
			buildSettings = {
				ALWAYS_SEARCH_USER_PATHS = NO;
				CLANG_ANALYZER_LOCALIZABILITY_NONLOCALIZED = YES;
				CLANG_ANALYZER_NONNULL = YES;
				CLANG_ANALYZER_NUMBER_OBJECT_CONVERSION = YES_AGGRESSIVE;
				CLANG_CXX_LANGUAGE_STANDARD = "gnu++14";
				CLANG_CXX_LIBRARY = "libc++";
				CLANG_ENABLE_MODULES = YES;
				CLANG_ENABLE_OBJC_ARC = YES;
				CLANG_WARN_BLOCK_CAPTURE_AUTORELEASING = YES;
				CLANG_WARN_BOOL_CONVERSION = YES;
				CLANG_WARN_COMMA = YES;
				CLANG_WARN_CONSTANT_CONVERSION = YES;
				CLANG_WARN_DIRECT_OBJC_ISA_USAGE = YES_ERROR;
				CLANG_WARN_DOCUMENTATION_COMMENTS = YES;
				CLANG_WARN_EMPTY_BODY = YES;
				CLANG_WARN_ENUM_CONVERSION = YES;
				CLANG_WARN_INFINITE_RECURSION = YES;
				CLANG_WARN_INT_CONVERSION = YES;
				CLANG_WARN_NON_LITERAL_NULL_CONVERSION = YES;
				CLANG_WARN_OBJC_LITERAL_CONVERSION = YES;
				CLANG_WARN_OBJC_ROOT_CLASS = YES_ERROR;
				CLANG_WARN_RANGE_LOOP_ANALYSIS = YES;
				CLANG_WARN_STRICT_PROTOTYPES = YES;
				CLANG_WARN_SUSPICIOUS_MOVE = YES;
				CLANG_WARN_UNGUARDED_AVAILABILITY = YES_AGGRESSIVE;
				CLANG_WARN_UNREACHABLE_CODE = YES;
				CLANG_WARN__DUPLICATE_METHOD_MATCH = YES;
				CODE_SIGN_IDENTITY = "iPhone Developer";
				COPY_PHASE_STRIP = NO;
				DEBUG_INFORMATION_FORMAT = dwarf;
				ENABLE_STRICT_OBJC_MSGSEND = YES;
				ENABLE_TESTABILITY = YES;
				GCC_C_LANGUAGE_STANDARD = gnu11;
				GCC_DYNAMIC_NO_PIC = NO;
				GCC_NO_COMMON_BLOCKS = YES;
				GCC_OPTIMIZATION_LEVEL = 0;
				GCC_PREPROCESSOR_DEFINITIONS = (
					"DEBUG=1",
					"$(inherited)",
				);
				GCC_WARN_64_TO_32_BIT_CONVERSION = YES;
				GCC_WARN_ABOUT_RETURN_TYPE = YES_ERROR;
				GCC_WARN_UNDECLARED_SELECTOR = YES;
				GCC_WARN_UNINITIALIZED_AUTOS = YES_AGGRESSIVE;
				GCC_WARN_UNUSED_FUNCTION = YES;
				GCC_WARN_UNUSED_VARIABLE = YES;
				IPHONEOS_DEPLOYMENT_TARGET = 10.0;
				MTL_ENABLE_DEBUG_INFO = YES;
				ONLY_ACTIVE_ARCH = YES;
				SDKROOT = iphoneos;
				SWIFT_ACTIVE_COMPILATION_CONDITIONS = DEBUG;
				SWIFT_OPTIMIZATION_LEVEL = "-Onone";
			};
			name = Debug;
		};
		842E09022043FC590047505B /* Release */ = {
			isa = XCBuildConfiguration;
			buildSettings = {
				ALWAYS_SEARCH_USER_PATHS = NO;
				CLANG_ANALYZER_LOCALIZABILITY_NONLOCALIZED = YES;
				CLANG_ANALYZER_NONNULL = YES;
				CLANG_ANALYZER_NUMBER_OBJECT_CONVERSION = YES_AGGRESSIVE;
				CLANG_CXX_LANGUAGE_STANDARD = "gnu++14";
				CLANG_CXX_LIBRARY = "libc++";
				CLANG_ENABLE_MODULES = YES;
				CLANG_ENABLE_OBJC_ARC = YES;
				CLANG_WARN_BLOCK_CAPTURE_AUTORELEASING = YES;
				CLANG_WARN_BOOL_CONVERSION = YES;
				CLANG_WARN_COMMA = YES;
				CLANG_WARN_CONSTANT_CONVERSION = YES;
				CLANG_WARN_DIRECT_OBJC_ISA_USAGE = YES_ERROR;
				CLANG_WARN_DOCUMENTATION_COMMENTS = YES;
				CLANG_WARN_EMPTY_BODY = YES;
				CLANG_WARN_ENUM_CONVERSION = YES;
				CLANG_WARN_INFINITE_RECURSION = YES;
				CLANG_WARN_INT_CONVERSION = YES;
				CLANG_WARN_NON_LITERAL_NULL_CONVERSION = YES;
				CLANG_WARN_OBJC_LITERAL_CONVERSION = YES;
				CLANG_WARN_OBJC_ROOT_CLASS = YES_ERROR;
				CLANG_WARN_RANGE_LOOP_ANALYSIS = YES;
				CLANG_WARN_STRICT_PROTOTYPES = YES;
				CLANG_WARN_SUSPICIOUS_MOVE = YES;
				CLANG_WARN_UNGUARDED_AVAILABILITY = YES_AGGRESSIVE;
				CLANG_WARN_UNREACHABLE_CODE = YES;
				CLANG_WARN__DUPLICATE_METHOD_MATCH = YES;
				CODE_SIGN_IDENTITY = "iPhone Developer";
				COPY_PHASE_STRIP = NO;
				DEBUG_INFORMATION_FORMAT = "dwarf-with-dsym";
				ENABLE_NS_ASSERTIONS = NO;
				ENABLE_STRICT_OBJC_MSGSEND = YES;
				GCC_C_LANGUAGE_STANDARD = gnu11;
				GCC_NO_COMMON_BLOCKS = YES;
				GCC_WARN_64_TO_32_BIT_CONVERSION = YES;
				GCC_WARN_ABOUT_RETURN_TYPE = YES_ERROR;
				GCC_WARN_UNDECLARED_SELECTOR = YES;
				GCC_WARN_UNINITIALIZED_AUTOS = YES_AGGRESSIVE;
				GCC_WARN_UNUSED_FUNCTION = YES;
				GCC_WARN_UNUSED_VARIABLE = YES;
				IPHONEOS_DEPLOYMENT_TARGET = 10.0;
				MTL_ENABLE_DEBUG_INFO = NO;
				SDKROOT = iphoneos;
				SWIFT_OPTIMIZATION_LEVEL = "-Owholemodule";
				VALIDATE_PRODUCT = YES;
			};
			name = Release;
		};
		842E09042043FC590047505B /* Debug */ = {
			isa = XCBuildConfiguration;
			baseConfigurationReference = 2B5E53C6C65B2E941A32D718 /* Pods-Hyper.debug.xcconfig */;
			buildSettings = {
				ASSETCATALOG_COMPILER_APPICON_NAME = AppIcon;
				CODE_SIGN_STYLE = Automatic;
				DEVELOPMENT_TEAM = YKSLKY2D83;
				INFOPLIST_FILE = Hyper/Info.plist;
				IPHONEOS_DEPLOYMENT_TARGET = 10.0;
				LD_RUNPATH_SEARCH_PATHS = "$(inherited) @executable_path/Frameworks";
				PRODUCT_BUNDLE_IDENTIFIER = com.hyper.Hyper.killva;
				PRODUCT_NAME = "$(TARGET_NAME)";
				SWIFT_VERSION = 4.0;
				TARGETED_DEVICE_FAMILY = "1,2";
			};
			name = Debug;
		};
		842E09052043FC590047505B /* Release */ = {
			isa = XCBuildConfiguration;
			baseConfigurationReference = 1022414A04DBE6FA3A322585 /* Pods-Hyper.release.xcconfig */;
			buildSettings = {
				ASSETCATALOG_COMPILER_APPICON_NAME = AppIcon;
				CODE_SIGN_STYLE = Automatic;
				DEVELOPMENT_TEAM = YKSLKY2D83;
				INFOPLIST_FILE = Hyper/Info.plist;
				IPHONEOS_DEPLOYMENT_TARGET = 10.0;
				LD_RUNPATH_SEARCH_PATHS = "$(inherited) @executable_path/Frameworks";
				PRODUCT_BUNDLE_IDENTIFIER = com.hyper.Hyper.killva;
				PRODUCT_NAME = "$(TARGET_NAME)";
				SWIFT_VERSION = 4.0;
				TARGETED_DEVICE_FAMILY = "1,2";
			};
			name = Release;
		};
/* End XCBuildConfiguration section */

/* Begin XCConfigurationList section */
		842E08EC2043FC590047505B /* Build configuration list for PBXProject "Hyper" */ = {
			isa = XCConfigurationList;
			buildConfigurations = (
				842E09012043FC590047505B /* Debug */,
				842E09022043FC590047505B /* Release */,
			);
			defaultConfigurationIsVisible = 0;
			defaultConfigurationName = Release;
		};
		842E09032043FC590047505B /* Build configuration list for PBXNativeTarget "Hyper" */ = {
			isa = XCConfigurationList;
			buildConfigurations = (
				842E09042043FC590047505B /* Debug */,
				842E09052043FC590047505B /* Release */,
			);
			defaultConfigurationIsVisible = 0;
			defaultConfigurationName = Release;
		};
/* End XCConfigurationList section */
	};
	rootObject = 842E08E92043FC590047505B /* Project object */;
}
